
Microsoft Visual Studio Solution File, Format Version 12.00
# Visual Studio Version 17
VisualStudioVersion = 17.7.34024.191
MinimumVisualStudioVersion = 10.0.40219.1
Project("{FAE04EC0-301F-11D3-BF4B-00C04F79EFBC}") = "ConsoleWrite", "ConsoleWrite.csproj", "{F004F41D-3BA8-4126-BD91-67BF1642495C}"
EndProject
Global
	GlobalSection(SolutionConfigurationPlatforms) = preSolution
		Debug|Any CPU = Debug|Any CPU
		Release|Any CPU = Release|Any CPU
	EndGlobalSection
	GlobalSection(ProjectConfigurationPlatforms) = postSolution
		{F004F41D-3BA8-4126-BD91-67BF1642495C}.Debug|Any CPU.ActiveCfg = Debug|Any CPU
		{F004F41D-3BA8-4126-BD91-67BF1642495C}.Debug|Any CPU.Build.0 = Debug|Any CPU
		{F004F41D-3BA8-4126-BD91-67BF1642495C}.Release|Any CPU.ActiveCfg = Release|Any CPU
		{F004F41D-3BA8-4126-BD91-67BF1642495C}.Release|Any CPU.Build.0 = Release|Any CPU
	EndGlobalSection
	GlobalSection(SolutionProperties) = preSolution
		HideSolutionNode = FALSE
	EndGlobalSection
	GlobalSection(ExtensibilityGlobals) = postSolution
		SolutionGuid = {65143CBF-A3B4-425A-9556-19D5EE16C5E9}
	EndGlobalSection
EndGlobal
