
Microsoft Visual Studio Solution File, Format Version 12.00
# Visual Studio Version 17
VisualStudioVersion = 17.10.35122.118
MinimumVisualStudioVersion = 10.0.40219.1
Project("{FAE04EC0-301F-11D3-BF4B-00C04F79EFBC}") = "DoorLock", "DoorLock.csproj", "{666045F3-CE13-4FED-B7F4-6A5A766AAADD}"
EndProject
Global
	GlobalSection(SolutionConfigurationPlatforms) = preSolution
		Debug|Any CPU = Debug|Any CPU
		Release|Any CPU = Release|Any CPU
	EndGlobalSection
	GlobalSection(ProjectConfigurationPlatforms) = postSolution
		{666045F3-CE13-4FED-B7F4-6A5A766AAADD}.Debug|Any CPU.ActiveCfg = Debug|Any CPU
		{666045F3-CE13-4FED-B7F4-6A5A766AAADD}.Debug|Any CPU.Build.0 = Debug|Any CPU
		{666045F3-CE13-4FED-B7F4-6A5A766AAADD}.Release|Any CPU.ActiveCfg = Release|Any CPU
		{666045F3-CE13-4FED-B7F4-6A5A766AAADD}.Release|Any CPU.Build.0 = Release|Any CPU
	EndGlobalSection
	GlobalSection(SolutionProperties) = preSolution
		HideSolutionNode = FALSE
	EndGlobalSection
	GlobalSection(ExtensibilityGlobals) = postSolution
		SolutionGuid = {7E35CA34-7BAB-456E-8DEA-2FE03E00507A}
	EndGlobalSection
EndGlobal
