
Microsoft Visual Studio Solution File, Format Version 12.00
# Visual Studio Version 17
VisualStudioVersion = 17.10.35122.118
MinimumVisualStudioVersion = 10.0.40219.1
Project("{FAE04EC0-301F-11D3-BF4B-00C04F79EFBC}") = "LottoNumberGenerator", "LottoNumberGenerator.csproj", "{FE3F0D96-A2FB-4B23-AA68-879C771D6CDC}"
EndProject
Global
	GlobalSection(SolutionConfigurationPlatforms) = preSolution
		Debug|Any CPU = Debug|Any CPU
		Release|Any CPU = Release|Any CPU
	EndGlobalSection
	GlobalSection(ProjectConfigurationPlatforms) = postSolution
		{FE3F0D96-A2FB-4B23-AA68-879C771D6CDC}.Debug|Any CPU.ActiveCfg = Debug|Any CPU
		{FE3F0D96-A2FB-4B23-AA68-879C771D6CDC}.Debug|Any CPU.Build.0 = Debug|Any CPU
		{FE3F0D96-A2FB-4B23-AA68-879C771D6CDC}.Release|Any CPU.ActiveCfg = Release|Any CPU
		{FE3F0D96-A2FB-4B23-AA68-879C771D6CDC}.Release|Any CPU.Build.0 = Release|Any CPU
	EndGlobalSection
	GlobalSection(SolutionProperties) = preSolution
		HideSolutionNode = FALSE
	EndGlobalSection
	GlobalSection(ExtensibilityGlobals) = postSolution
		SolutionGuid = {C70EA24A-0CAD-4589-B5C9-1995925492BC}
	EndGlobalSection
EndGlobal
